
Microsoft Visual Studio Solution File, Format Version 12.00
# Visual Studio Version 17
VisualStudioVersion = 17.0.31903.59
MinimumVisualStudioVersion = 10.0.40219.1
Project("{FAE04EC0-301F-11D3-BF4B-00C04F79EFBC}") = "Agentspan", "src\Agentspan\Agentspan.csproj", "{A1B2C3D4-E5F6-7890-ABCD-EF1234567890}"
EndProject
Project("{FAE04EC0-301F-11D3-BF4B-00C04F79EFBC}") = "Example01BasicAgent", "examples\01_BasicAgent\Example01BasicAgent.csproj", "{B2C3D4E5-F6A7-8901-BCDE-F12345678901}"
EndProject
Project("{FAE04EC0-301F-11D3-BF4B-00C04F79EFBC}") = "Example02Tools", "examples\02_Tools\Example02Tools.csproj", "{C3D4E5F6-A7B8-9012-CDEF-123456789012}"
EndProject
Project("{FAE04EC0-301F-11D3-BF4B-00C04F79EFBC}") = "Example02aSimpleTools", "examples\02a_SimpleTools\Example02aSimpleTools.csproj", "{D4E5F6A7-B8C9-0123-DEF0-234567890123}"
EndProject
Project("{FAE04EC0-301F-11D3-BF4B-00C04F79EFBC}") = "Example05Handoffs", "examples\05_Handoffs\Example05Handoffs.csproj", "{E5F6A7B8-C9D0-1234-EF01-345678901234}"
EndProject
Project("{FAE04EC0-301F-11D3-BF4B-00C04F79EFBC}") = "Example06SequentialPipeline", "examples\06_SequentialPipeline\Example06SequentialPipeline.csproj", "{F6A7B8C9-D0E1-2345-F012-456789012345}"
EndProject
Project("{FAE04EC0-301F-11D3-BF4B-00C04F79EFBC}") = "Example07ParallelAgents", "examples\07_ParallelAgents\Example07ParallelAgents.csproj", "{A7B8C9D0-E1F2-3456-0123-567890123456}"
EndProject
Project("{FAE04EC0-301F-11D3-BF4B-00C04F79EFBC}") = "Example08RouterAgent", "examples\08_RouterAgent\Example08RouterAgent.csproj", "{B8C9D0E1-F2A3-4567-1234-678901234567}"
EndProject
Project("{2150E333-8FDC-42A3-9474-1A3956D46DE8}") = "examples", "examples", "{B36A84DF-456D-A817-6EDD-3EC3E7F6E11F}"
EndProject
Project("{2150E333-8FDC-42A3-9474-1A3956D46DE8}") = "03_StructuredOutput", "03_StructuredOutput", "{6F9364A3-C6D6-EFE8-99D6-B7B31EF64FD0}"
EndProject
Project("{FAE04EC0-301F-11D3-BF4B-00C04F79EFBC}") = "Example03StructuredOutput", "examples\03_StructuredOutput\Example03StructuredOutput.csproj", "{D895AC16-DE98-47F6-A2A1-B60E51331B6A}"
EndProject
Project("{2150E333-8FDC-42A3-9474-1A3956D46DE8}") = "src", "src", "{827E0CD3-B72D-47B6-A68D-7590B98EB39B}"
EndProject
Project("{2150E333-8FDC-42A3-9474-1A3956D46DE8}") = "04_HttpTools", "04_HttpTools", "{0485896A-3616-A443-D9E1-5B8343974EA5}"
EndProject
Project("{FAE04EC0-301F-11D3-BF4B-00C04F79EFBC}") = "Example04HttpTools", "examples\04_HttpTools\Example04HttpTools.csproj", "{F971595B-1775-483B-B95F-2BDCB06DD838}"
EndProject
Project("{2150E333-8FDC-42A3-9474-1A3956D46DE8}") = "09_HumanInTheLoop", "09_HumanInTheLoop", "{DEEFC28E-9933-38F0-CDF5-DD4D28CB94B3}"
EndProject
Project("{FAE04EC0-301F-11D3-BF4B-00C04F79EFBC}") = "Example09HumanInTheLoop", "examples\09_HumanInTheLoop\Example09HumanInTheLoop.csproj", "{09D24DA6-AD95-4733-BC20-82557B5EDA1F}"
EndProject
Project("{2150E333-8FDC-42A3-9474-1A3956D46DE8}") = "10_Guardrails", "10_Guardrails", "{EFB637EC-FEF1-963F-B7D5-51E6E3E2B196}"
EndProject
Project("{FAE04EC0-301F-11D3-BF4B-00C04F79EFBC}") = "Example10Guardrails", "examples\10_Guardrails\Example10Guardrails.csproj", "{3172FA1A-C222-45BC-923B-DD6E0226F98D}"
EndProject
Project("{2150E333-8FDC-42A3-9474-1A3956D46DE8}") = "11_Streaming", "11_Streaming", "{2AF610B6-1D24-C241-51B7-02A227B83EC3}"
EndProject
Project("{FAE04EC0-301F-11D3-BF4B-00C04F79EFBC}") = "Example11Streaming", "examples\11_Streaming\Example11Streaming.csproj", "{37E9B69F-F8E8-4FC9-B3DE-01D0A0BE4FE1}"
EndProject
Project("{2150E333-8FDC-42A3-9474-1A3956D46DE8}") = "13_HierarchicalAgents", "13_HierarchicalAgents", "{F8994FDD-BF36-4061-E37A-F891F49711A4}"
EndProject
Project("{FAE04EC0-301F-11D3-BF4B-00C04F79EFBC}") = "Example13HierarchicalAgents", "examples\13_HierarchicalAgents\Example13HierarchicalAgents.csproj", "{F4E7E4D3-896D-4F5C-8061-61B1163C452A}"
EndProject
Project("{2150E333-8FDC-42A3-9474-1A3956D46DE8}") = "16_Credentials", "16_Credentials", "{C4BA275E-8F22-BA93-4134-F75D846A2A9A}"
EndProject
Project("{FAE04EC0-301F-11D3-BF4B-00C04F79EFBC}") = "Example16Credentials", "examples\16_Credentials\Example16Credentials.csproj", "{2F942470-AD19-4230-93A6-772C4F38986D}"
EndProject
Project("{2150E333-8FDC-42A3-9474-1A3956D46DE8}") = "51_SharedState", "51_SharedState", "{384EA711-D10F-262B-1FC3-A512DED672F3}"
EndProject
Project("{FAE04EC0-301F-11D3-BF4B-00C04F79EFBC}") = "Example51SharedState", "examples\51_SharedState\Example51SharedState.csproj", "{916012B5-9639-4BBB-8DEE-19A5F6FE6857}"
EndProject
Project("{2150E333-8FDC-42A3-9474-1A3956D46DE8}") = "tests", "tests", "{0AB3BF05-4346-4AA6-1389-037BE0695223}"
EndProject
Project("{FAE04EC0-301F-11D3-BF4B-00C04F79EFBC}") = "AgentspanE2eTests", "tests\AgentspanE2eTests\AgentspanE2eTests.csproj", "{46E0088C-08B7-40A8-AA90-1F7CA3BE9137}"
EndProject
Project("{FAE04EC0-301F-11D3-BF4B-00C04F79EFBC}") = "Agentspan.SemanticKernel", "src\Agentspan.SemanticKernel\Agentspan.SemanticKernel.csproj", "{61510520-D1AB-4D98-ABBD-36CF5D7E9FA3}"
EndProject
Project("{FAE04EC0-301F-11D3-BF4B-00C04F79EFBC}") = "Agentspan.SemanticKernel.Tests", "tests\Agentspan.SemanticKernel.Tests\Agentspan.SemanticKernel.Tests.csproj", "{04536BBF-B15D-4107-A004-57F19A0870F9}"
EndProject
Project("{2150E333-8FDC-42A3-9474-1A3956D46DE8}") = "Sk01_BasicAgent", "Sk01_BasicAgent", "{05294BD2-282B-B286-B50A-24B864EF01BA}"
EndProject
Project("{FAE04EC0-301F-11D3-BF4B-00C04F79EFBC}") = "ExampleSk01BasicAgent", "examples\Sk01_BasicAgent\ExampleSk01BasicAgent.csproj", "{6B252FA8-7AE7-487B-8FDE-ADEA22B9717C}"
EndProject
Project("{2150E333-8FDC-42A3-9474-1A3956D46DE8}") = "Sk02_ReActTools", "Sk02_ReActTools", "{236E2B0B-7675-A90C-02D7-68A1019F1E9D}"
EndProject
Project("{FAE04EC0-301F-11D3-BF4B-00C04F79EFBC}") = "ExampleSk02ReActTools", "examples\Sk02_ReActTools\ExampleSk02ReActTools.csproj", "{468FB00C-6709-4799-A717-CB4FC1221A48}"
EndProject
Project("{2150E333-8FDC-42A3-9474-1A3956D46DE8}") = "Sk03_StructuredOutput", "Sk03_StructuredOutput", "{5B63E630-D560-07A6-A8FD-BB1ACC890C57}"
EndProject
Project("{FAE04EC0-301F-11D3-BF4B-00C04F79EFBC}") = "ExampleSk03StructuredOutput", "examples\Sk03_StructuredOutput\ExampleSk03StructuredOutput.csproj", "{3C19267B-A929-4D87-A732-1E251863B7EF}"
EndProject
Project("{2150E333-8FDC-42A3-9474-1A3956D46DE8}") = "Sk04_PromptTemplates", "Sk04_PromptTemplates", "{8A907AB3-6E56-6388-D1B5-D16379731DAC}"
EndProject
Project("{FAE04EC0-301F-11D3-BF4B-00C04F79EFBC}") = "ExampleSk04PromptTemplates", "examples\Sk04_PromptTemplates\ExampleSk04PromptTemplates.csproj", "{0CCDA4A7-A42F-4E42-854C-BFA346D28EDA}"
EndProject
Project("{2150E333-8FDC-42A3-9474-1A3956D46DE8}") = "Sk05_ChatHistory", "Sk05_ChatHistory", "{CF71E44B-9991-9952-13AB-55EDE30B759E}"
EndProject
Project("{FAE04EC0-301F-11D3-BF4B-00C04F79EFBC}") = "ExampleSk05ChatHistory", "examples\Sk05_ChatHistory\ExampleSk05ChatHistory.csproj", "{EBD21437-263E-42F8-BA22-4A13AD7A0924}"
EndProject
Project("{2150E333-8FDC-42A3-9474-1A3956D46DE8}") = "Sk06_SemanticMemory", "Sk06_SemanticMemory", "{D26E16C3-2C4E-99B9-5DC2-FD66D45AC046}"
EndProject
Project("{FAE04EC0-301F-11D3-BF4B-00C04F79EFBC}") = "ExampleSk06SemanticMemory", "examples\Sk06_SemanticMemory\ExampleSk06SemanticMemory.csproj", "{DDD4F48B-AA25-438D-98B6-BC00580F3D6C}"
EndProject
Project("{2150E333-8FDC-42A3-9474-1A3956D46DE8}") = "Sk07_MultiplePlugins", "Sk07_MultiplePlugins", "{ADFC6760-51E5-64AF-5492-81F6669F8B1B}"
EndProject
Project("{FAE04EC0-301F-11D3-BF4B-00C04F79EFBC}") = "ExampleSk07MultiplePlugins", "examples\Sk07_MultiplePlugins\ExampleSk07MultiplePlugins.csproj", "{88CCB542-9F28-4587-919F-69DACAC46B03}"
EndProject
Project("{2150E333-8FDC-42A3-9474-1A3956D46DE8}") = "Sk08_OutputParsers", "Sk08_OutputParsers", "{05569EA0-0865-7E94-F118-A669A0EACFCA}"
EndProject
Project("{FAE04EC0-301F-11D3-BF4B-00C04F79EFBC}") = "ExampleSk08OutputParsers", "examples\Sk08_OutputParsers\ExampleSk08OutputParsers.csproj", "{D07D0991-5BEE-4476-856A-53A973036C34}"
EndProject
Project("{2150E333-8FDC-42A3-9474-1A3956D46DE8}") = "Sk09_MultiPluginOrchestration", "Sk09_MultiPluginOrchestration", "{F3F08343-A08E-2F22-0F3B-A364ED5B93E4}"
EndProject
Project("{FAE04EC0-301F-11D3-BF4B-00C04F79EFBC}") = "ExampleSk09MultiPluginOrchestration", "examples\Sk09_MultiPluginOrchestration\ExampleSk09MultiPluginOrchestration.csproj", "{BD0A6474-3637-40D0-99AC-8867C0B990A2}"
EndProject
Project("{2150E333-8FDC-42A3-9474-1A3956D46DE8}") = "Sk10_KernelPluginInstance", "Sk10_KernelPluginInstance", "{D9C6B91C-EA59-5AF0-FA91-AC335989DAAB}"
EndProject
Project("{FAE04EC0-301F-11D3-BF4B-00C04F79EFBC}") = "ExampleSk10KernelPluginInstance", "examples\Sk10_KernelPluginInstance\ExampleSk10KernelPluginInstance.csproj", "{63897559-D26B-4C21-B6DD-07C02CF378F1}"
EndProject
Project("{2150E333-8FDC-42A3-9474-1A3956D46DE8}") = "Sk11_MathCalculator", "Sk11_MathCalculator", "{55F49049-054B-537E-9150-30C7F7556014}"
EndProject
Project("{FAE04EC0-301F-11D3-BF4B-00C04F79EFBC}") = "ExampleSk11MathCalculator", "examples\Sk11_MathCalculator\ExampleSk11MathCalculator.csproj", "{F37EB818-101C-4C11-9A0E-6464BBB16EB4}"
EndProject
Project("{2150E333-8FDC-42A3-9474-1A3956D46DE8}") = "Sk12_CodeReview", "Sk12_CodeReview", "{51B78DB4-1288-3BDB-F71F-5C8FCC235AA3}"
EndProject
Project("{FAE04EC0-301F-11D3-BF4B-00C04F79EFBC}") = "ExampleSk12CodeReview", "examples\Sk12_CodeReview\ExampleSk12CodeReview.csproj", "{0C719833-3447-4A9F-8F1F-D55379E90B4C}"
EndProject
Project("{2150E333-8FDC-42A3-9474-1A3956D46DE8}") = "Sk13_DocumentSummarizer", "Sk13_DocumentSummarizer", "{867CB142-0099-A288-39CA-0C80E5D9F811}"
EndProject
Project("{FAE04EC0-301F-11D3-BF4B-00C04F79EFBC}") = "ExampleSk13DocumentSummarizer", "examples\Sk13_DocumentSummarizer\ExampleSk13DocumentSummarizer.csproj", "{E8C7D8C9-DAF0-49B3-826F-081F907BA41C}"
EndProject
Project("{2150E333-8FDC-42A3-9474-1A3956D46DE8}") = "Sk14_CustomerService", "Sk14_CustomerService", "{24A255F5-3BB4-F884-A3C7-89339469CF14}"
EndProject
Project("{FAE04EC0-301F-11D3-BF4B-00C04F79EFBC}") = "ExampleSk14CustomerService", "examples\Sk14_CustomerService\ExampleSk14CustomerService.csproj", "{32A3B06D-F373-4BDF-AA92-AEE3192E7F09}"
EndProject
Project("{2150E333-8FDC-42A3-9474-1A3956D46DE8}") = "Sk15_ResearchAssistant", "Sk15_ResearchAssistant", "{D2B362EB-A48F-5189-AE78-7AAF2AE2561E}"
EndProject
Project("{FAE04EC0-301F-11D3-BF4B-00C04F79EFBC}") = "ExampleSk15ResearchAssistant", "examples\Sk15_ResearchAssistant\ExampleSk15ResearchAssistant.csproj", "{60AFEA17-74C6-485C-9B4A-5A71260DB362}"
EndProject
Project("{2150E333-8FDC-42A3-9474-1A3956D46DE8}") = "Sk16_DataAnalyst", "Sk16_DataAnalyst", "{9B34242C-335D-9CE3-8F37-13FFC337B2A6}"
EndProject
Project("{FAE04EC0-301F-11D3-BF4B-00C04F79EFBC}") = "ExampleSk16DataAnalyst", "examples\Sk16_DataAnalyst\ExampleSk16DataAnalyst.csproj", "{33E53DFE-32A3-4685-8DDF-AF5716A53AAC}"
EndProject
Project("{2150E333-8FDC-42A3-9474-1A3956D46DE8}") = "Sk17_ContentWriter", "Sk17_ContentWriter", "{49609AB2-AF09-34E7-E633-59B36707E040}"
EndProject
Project("{FAE04EC0-301F-11D3-BF4B-00C04F79EFBC}") = "ExampleSk17ContentWriter", "examples\Sk17_ContentWriter\ExampleSk17ContentWriter.csproj", "{67F00396-11C9-4017-A84D-9681D2AE0D83}"
EndProject
Project("{2150E333-8FDC-42A3-9474-1A3956D46DE8}") = "Sk18_EmailDrafter", "Sk18_EmailDrafter", "{FD797D35-79BA-0055-D6C4-92669589F43F}"
EndProject
Project("{FAE04EC0-301F-11D3-BF4B-00C04F79EFBC}") = "ExampleSk18EmailDrafter", "examples\Sk18_EmailDrafter\ExampleSk18EmailDrafter.csproj", "{B95C4A7A-BCA5-4E1B-B718-9DF361CDC0F7}"
EndProject
Project("{2150E333-8FDC-42A3-9474-1A3956D46DE8}") = "Sk19_TranslationAgent", "Sk19_TranslationAgent", "{A9D4D69F-BDD3-C72A-0010-F313CF131D6A}"
EndProject
Project("{FAE04EC0-301F-11D3-BF4B-00C04F79EFBC}") = "ExampleSk19TranslationAgent", "examples\Sk19_TranslationAgent\ExampleSk19TranslationAgent.csproj", "{52C8C24B-A22F-478A-A37D-04CC3895A760}"
EndProject
Project("{2150E333-8FDC-42A3-9474-1A3956D46DE8}") = "Sk20_SentimentAnalysis", "Sk20_SentimentAnalysis", "{9D8DB743-7E1C-20A5-CB17-4DFB8C53D645}"
EndProject
Project("{FAE04EC0-301F-11D3-BF4B-00C04F79EFBC}") = "ExampleSk20SentimentAnalysis", "examples\Sk20_SentimentAnalysis\ExampleSk20SentimentAnalysis.csproj", "{74A9A73C-5035-48F8-8073-8849B24DF811}"
EndProject
Global
	GlobalSection(SolutionConfigurationPlatforms) = preSolution
		Debug|Any CPU = Debug|Any CPU
		Debug|x64 = Debug|x64
		Debug|x86 = Debug|x86
		Release|Any CPU = Release|Any CPU
		Release|x64 = Release|x64
		Release|x86 = Release|x86
	EndGlobalSection
	GlobalSection(ProjectConfigurationPlatforms) = postSolution
		{A1B2C3D4-E5F6-7890-ABCD-EF1234567890}.Debug|Any CPU.ActiveCfg = Debug|Any CPU
		{A1B2C3D4-E5F6-7890-ABCD-EF1234567890}.Debug|Any CPU.Build.0 = Debug|Any CPU
		{A1B2C3D4-E5F6-7890-ABCD-EF1234567890}.Debug|x64.ActiveCfg = Debug|Any CPU
		{A1B2C3D4-E5F6-7890-ABCD-EF1234567890}.Debug|x64.Build.0 = Debug|Any CPU
		{A1B2C3D4-E5F6-7890-ABCD-EF1234567890}.Debug|x86.ActiveCfg = Debug|Any CPU
		{A1B2C3D4-E5F6-7890-ABCD-EF1234567890}.Debug|x86.Build.0 = Debug|Any CPU
		{A1B2C3D4-E5F6-7890-ABCD-EF1234567890}.Release|Any CPU.ActiveCfg = Release|Any CPU
		{A1B2C3D4-E5F6-7890-ABCD-EF1234567890}.Release|Any CPU.Build.0 = Release|Any CPU
		{A1B2C3D4-E5F6-7890-ABCD-EF1234567890}.Release|x64.ActiveCfg = Release|Any CPU
		{A1B2C3D4-E5F6-7890-ABCD-EF1234567890}.Release|x64.Build.0 = Release|Any CPU
		{A1B2C3D4-E5F6-7890-ABCD-EF1234567890}.Release|x86.ActiveCfg = Release|Any CPU
		{A1B2C3D4-E5F6-7890-ABCD-EF1234567890}.Release|x86.Build.0 = Release|Any CPU
		{B2C3D4E5-F6A7-8901-BCDE-F12345678901}.Debug|Any CPU.ActiveCfg = Debug|Any CPU
		{B2C3D4E5-F6A7-8901-BCDE-F12345678901}.Debug|Any CPU.Build.0 = Debug|Any CPU
		{B2C3D4E5-F6A7-8901-BCDE-F12345678901}.Debug|x64.ActiveCfg = Debug|Any CPU
		{B2C3D4E5-F6A7-8901-BCDE-F12345678901}.Debug|x64.Build.0 = Debug|Any CPU
		{B2C3D4E5-F6A7-8901-BCDE-F12345678901}.Debug|x86.ActiveCfg = Debug|Any CPU
		{B2C3D4E5-F6A7-8901-BCDE-F12345678901}.Debug|x86.Build.0 = Debug|Any CPU
		{B2C3D4E5-F6A7-8901-BCDE-F12345678901}.Release|Any CPU.ActiveCfg = Release|Any CPU
		{B2C3D4E5-F6A7-8901-BCDE-F12345678901}.Release|Any CPU.Build.0 = Release|Any CPU
		{B2C3D4E5-F6A7-8901-BCDE-F12345678901}.Release|x64.ActiveCfg = Release|Any CPU
		{B2C3D4E5-F6A7-8901-BCDE-F12345678901}.Release|x64.Build.0 = Release|Any CPU
		{B2C3D4E5-F6A7-8901-BCDE-F12345678901}.Release|x86.ActiveCfg = Release|Any CPU
		{B2C3D4E5-F6A7-8901-BCDE-F12345678901}.Release|x86.Build.0 = Release|Any CPU
		{C3D4E5F6-A7B8-9012-CDEF-123456789012}.Debug|Any CPU.ActiveCfg = Debug|Any CPU
		{C3D4E5F6-A7B8-9012-CDEF-123456789012}.Debug|Any CPU.Build.0 = Debug|Any CPU
		{C3D4E5F6-A7B8-9012-CDEF-123456789012}.Debug|x64.ActiveCfg = Debug|Any CPU
		{C3D4E5F6-A7B8-9012-CDEF-123456789012}.Debug|x64.Build.0 = Debug|Any CPU
		{C3D4E5F6-A7B8-9012-CDEF-123456789012}.Debug|x86.ActiveCfg = Debug|Any CPU
		{C3D4E5F6-A7B8-9012-CDEF-123456789012}.Debug|x86.Build.0 = Debug|Any CPU
		{C3D4E5F6-A7B8-9012-CDEF-123456789012}.Release|Any CPU.ActiveCfg = Release|Any CPU
		{C3D4E5F6-A7B8-9012-CDEF-123456789012}.Release|Any CPU.Build.0 = Release|Any CPU
		{C3D4E5F6-A7B8-9012-CDEF-123456789012}.Release|x64.ActiveCfg = Release|Any CPU
		{C3D4E5F6-A7B8-9012-CDEF-123456789012}.Release|x64.Build.0 = Release|Any CPU
		{C3D4E5F6-A7B8-9012-CDEF-123456789012}.Release|x86.ActiveCfg = Release|Any CPU
		{C3D4E5F6-A7B8-9012-CDEF-123456789012}.Release|x86.Build.0 = Release|Any CPU
		{D4E5F6A7-B8C9-0123-DEF0-234567890123}.Debug|Any CPU.ActiveCfg = Debug|Any CPU
		{D4E5F6A7-B8C9-0123-DEF0-234567890123}.Debug|Any CPU.Build.0 = Debug|Any CPU
		{D4E5F6A7-B8C9-0123-DEF0-234567890123}.Debug|x64.ActiveCfg = Debug|Any CPU
		{D4E5F6A7-B8C9-0123-DEF0-234567890123}.Debug|x64.Build.0 = Debug|Any CPU
		{D4E5F6A7-B8C9-0123-DEF0-234567890123}.Debug|x86.ActiveCfg = Debug|Any CPU
		{D4E5F6A7-B8C9-0123-DEF0-234567890123}.Debug|x86.Build.0 = Debug|Any CPU
		{D4E5F6A7-B8C9-0123-DEF0-234567890123}.Release|Any CPU.ActiveCfg = Release|Any CPU
		{D4E5F6A7-B8C9-0123-DEF0-234567890123}.Release|Any CPU.Build.0 = Release|Any CPU
		{D4E5F6A7-B8C9-0123-DEF0-234567890123}.Release|x64.ActiveCfg = Release|Any CPU
		{D4E5F6A7-B8C9-0123-DEF0-234567890123}.Release|x64.Build.0 = Release|Any CPU
		{D4E5F6A7-B8C9-0123-DEF0-234567890123}.Release|x86.ActiveCfg = Release|Any CPU
		{D4E5F6A7-B8C9-0123-DEF0-234567890123}.Release|x86.Build.0 = Release|Any CPU
		{E5F6A7B8-C9D0-1234-EF01-345678901234}.Debug|Any CPU.ActiveCfg = Debug|Any CPU
		{E5F6A7B8-C9D0-1234-EF01-345678901234}.Debug|Any CPU.Build.0 = Debug|Any CPU
		{E5F6A7B8-C9D0-1234-EF01-345678901234}.Debug|x64.ActiveCfg = Debug|Any CPU
		{E5F6A7B8-C9D0-1234-EF01-345678901234}.Debug|x64.Build.0 = Debug|Any CPU
		{E5F6A7B8-C9D0-1234-EF01-345678901234}.Debug|x86.ActiveCfg = Debug|Any CPU
		{E5F6A7B8-C9D0-1234-EF01-345678901234}.Debug|x86.Build.0 = Debug|Any CPU
		{E5F6A7B8-C9D0-1234-EF01-345678901234}.Release|Any CPU.ActiveCfg = Release|Any CPU
		{E5F6A7B8-C9D0-1234-EF01-345678901234}.Release|Any CPU.Build.0 = Release|Any CPU
		{E5F6A7B8-C9D0-1234-EF01-345678901234}.Release|x64.ActiveCfg = Release|Any CPU
		{E5F6A7B8-C9D0-1234-EF01-345678901234}.Release|x64.Build.0 = Release|Any CPU
		{E5F6A7B8-C9D0-1234-EF01-345678901234}.Release|x86.ActiveCfg = Release|Any CPU
		{E5F6A7B8-C9D0-1234-EF01-345678901234}.Release|x86.Build.0 = Release|Any CPU
		{F6A7B8C9-D0E1-2345-F012-456789012345}.Debug|Any CPU.ActiveCfg = Debug|Any CPU
		{F6A7B8C9-D0E1-2345-F012-456789012345}.Debug|Any CPU.Build.0 = Debug|Any CPU
		{F6A7B8C9-D0E1-2345-F012-456789012345}.Debug|x64.ActiveCfg = Debug|Any CPU
		{F6A7B8C9-D0E1-2345-F012-456789012345}.Debug|x64.Build.0 = Debug|Any CPU
		{F6A7B8C9-D0E1-2345-F012-456789012345}.Debug|x86.ActiveCfg = Debug|Any CPU
		{F6A7B8C9-D0E1-2345-F012-456789012345}.Debug|x86.Build.0 = Debug|Any CPU
		{F6A7B8C9-D0E1-2345-F012-456789012345}.Release|Any CPU.ActiveCfg = Release|Any CPU
		{F6A7B8C9-D0E1-2345-F012-456789012345}.Release|Any CPU.Build.0 = Release|Any CPU
		{F6A7B8C9-D0E1-2345-F012-456789012345}.Release|x64.ActiveCfg = Release|Any CPU
		{F6A7B8C9-D0E1-2345-F012-456789012345}.Release|x64.Build.0 = Release|Any CPU
		{F6A7B8C9-D0E1-2345-F012-456789012345}.Release|x86.ActiveCfg = Release|Any CPU
		{F6A7B8C9-D0E1-2345-F012-456789012345}.Release|x86.Build.0 = Release|Any CPU
		{A7B8C9D0-E1F2-3456-0123-567890123456}.Debug|Any CPU.ActiveCfg = Debug|Any CPU
		{A7B8C9D0-E1F2-3456-0123-567890123456}.Debug|Any CPU.Build.0 = Debug|Any CPU
		{A7B8C9D0-E1F2-3456-0123-567890123456}.Debug|x64.ActiveCfg = Debug|Any CPU
		{A7B8C9D0-E1F2-3456-0123-567890123456}.Debug|x64.Build.0 = Debug|Any CPU
		{A7B8C9D0-E1F2-3456-0123-567890123456}.Debug|x86.ActiveCfg = Debug|Any CPU
		{A7B8C9D0-E1F2-3456-0123-567890123456}.Debug|x86.Build.0 = Debug|Any CPU
		{A7B8C9D0-E1F2-3456-0123-567890123456}.Release|Any CPU.ActiveCfg = Release|Any CPU
		{A7B8C9D0-E1F2-3456-0123-567890123456}.Release|Any CPU.Build.0 = Release|Any CPU
		{A7B8C9D0-E1F2-3456-0123-567890123456}.Release|x64.ActiveCfg = Release|Any CPU
		{A7B8C9D0-E1F2-3456-0123-567890123456}.Release|x64.Build.0 = Release|Any CPU
		{A7B8C9D0-E1F2-3456-0123-567890123456}.Release|x86.ActiveCfg = Release|Any CPU
		{A7B8C9D0-E1F2-3456-0123-567890123456}.Release|x86.Build.0 = Release|Any CPU
		{B8C9D0E1-F2A3-4567-1234-678901234567}.Debug|Any CPU.ActiveCfg = Debug|Any CPU
		{B8C9D0E1-F2A3-4567-1234-678901234567}.Debug|Any CPU.Build.0 = Debug|Any CPU
		{B8C9D0E1-F2A3-4567-1234-678901234567}.Debug|x64.ActiveCfg = Debug|Any CPU
		{B8C9D0E1-F2A3-4567-1234-678901234567}.Debug|x64.Build.0 = Debug|Any CPU
		{B8C9D0E1-F2A3-4567-1234-678901234567}.Debug|x86.ActiveCfg = Debug|Any CPU
		{B8C9D0E1-F2A3-4567-1234-678901234567}.Debug|x86.Build.0 = Debug|Any CPU
		{B8C9D0E1-F2A3-4567-1234-678901234567}.Release|Any CPU.ActiveCfg = Release|Any CPU
		{B8C9D0E1-F2A3-4567-1234-678901234567}.Release|Any CPU.Build.0 = Release|Any CPU
		{B8C9D0E1-F2A3-4567-1234-678901234567}.Release|x64.ActiveCfg = Release|Any CPU
		{B8C9D0E1-F2A3-4567-1234-678901234567}.Release|x64.Build.0 = Release|Any CPU
		{B8C9D0E1-F2A3-4567-1234-678901234567}.Release|x86.ActiveCfg = Release|Any CPU
		{B8C9D0E1-F2A3-4567-1234-678901234567}.Release|x86.Build.0 = Release|Any CPU
		{D895AC16-DE98-47F6-A2A1-B60E51331B6A}.Debug|Any CPU.ActiveCfg = Debug|Any CPU
		{D895AC16-DE98-47F6-A2A1-B60E51331B6A}.Debug|Any CPU.Build.0 = Debug|Any CPU
		{D895AC16-DE98-47F6-A2A1-B60E51331B6A}.Debug|x64.ActiveCfg = Debug|Any CPU
		{D895AC16-DE98-47F6-A2A1-B60E51331B6A}.Debug|x64.Build.0 = Debug|Any CPU
		{D895AC16-DE98-47F6-A2A1-B60E51331B6A}.Debug|x86.ActiveCfg = Debug|Any CPU
		{D895AC16-DE98-47F6-A2A1-B60E51331B6A}.Debug|x86.Build.0 = Debug|Any CPU
		{D895AC16-DE98-47F6-A2A1-B60E51331B6A}.Release|Any CPU.ActiveCfg = Release|Any CPU
		{D895AC16-DE98-47F6-A2A1-B60E51331B6A}.Release|Any CPU.Build.0 = Release|Any CPU
		{D895AC16-DE98-47F6-A2A1-B60E51331B6A}.Release|x64.ActiveCfg = Release|Any CPU
		{D895AC16-DE98-47F6-A2A1-B60E51331B6A}.Release|x64.Build.0 = Release|Any CPU
		{D895AC16-DE98-47F6-A2A1-B60E51331B6A}.Release|x86.ActiveCfg = Release|Any CPU
		{D895AC16-DE98-47F6-A2A1-B60E51331B6A}.Release|x86.Build.0 = Release|Any CPU
		{F971595B-1775-483B-B95F-2BDCB06DD838}.Debug|Any CPU.ActiveCfg = Debug|Any CPU
		{F971595B-1775-483B-B95F-2BDCB06DD838}.Debug|Any CPU.Build.0 = Debug|Any CPU
		{F971595B-1775-483B-B95F-2BDCB06DD838}.Debug|x64.ActiveCfg = Debug|Any CPU
		{F971595B-1775-483B-B95F-2BDCB06DD838}.Debug|x64.Build.0 = Debug|Any CPU
		{F971595B-1775-483B-B95F-2BDCB06DD838}.Debug|x86.ActiveCfg = Debug|Any CPU
		{F971595B-1775-483B-B95F-2BDCB06DD838}.Debug|x86.Build.0 = Debug|Any CPU
		{F971595B-1775-483B-B95F-2BDCB06DD838}.Release|Any CPU.ActiveCfg = Release|Any CPU
		{F971595B-1775-483B-B95F-2BDCB06DD838}.Release|Any CPU.Build.0 = Release|Any CPU
		{F971595B-1775-483B-B95F-2BDCB06DD838}.Release|x64.ActiveCfg = Release|Any CPU
		{F971595B-1775-483B-B95F-2BDCB06DD838}.Release|x64.Build.0 = Release|Any CPU
		{F971595B-1775-483B-B95F-2BDCB06DD838}.Release|x86.ActiveCfg = Release|Any CPU
		{F971595B-1775-483B-B95F-2BDCB06DD838}.Release|x86.Build.0 = Release|Any CPU
		{09D24DA6-AD95-4733-BC20-82557B5EDA1F}.Debug|Any CPU.ActiveCfg = Debug|Any CPU
		{09D24DA6-AD95-4733-BC20-82557B5EDA1F}.Debug|Any CPU.Build.0 = Debug|Any CPU
		{09D24DA6-AD95-4733-BC20-82557B5EDA1F}.Debug|x64.ActiveCfg = Debug|Any CPU
		{09D24DA6-AD95-4733-BC20-82557B5EDA1F}.Debug|x64.Build.0 = Debug|Any CPU
		{09D24DA6-AD95-4733-BC20-82557B5EDA1F}.Debug|x86.ActiveCfg = Debug|Any CPU
		{09D24DA6-AD95-4733-BC20-82557B5EDA1F}.Debug|x86.Build.0 = Debug|Any CPU
		{09D24DA6-AD95-4733-BC20-82557B5EDA1F}.Release|Any CPU.ActiveCfg = Release|Any CPU
		{09D24DA6-AD95-4733-BC20-82557B5EDA1F}.Release|Any CPU.Build.0 = Release|Any CPU
		{09D24DA6-AD95-4733-BC20-82557B5EDA1F}.Release|x64.ActiveCfg = Release|Any CPU
		{09D24DA6-AD95-4733-BC20-82557B5EDA1F}.Release|x64.Build.0 = Release|Any CPU
		{09D24DA6-AD95-4733-BC20-82557B5EDA1F}.Release|x86.ActiveCfg = Release|Any CPU
		{09D24DA6-AD95-4733-BC20-82557B5EDA1F}.Release|x86.Build.0 = Release|Any CPU
		{3172FA1A-C222-45BC-923B-DD6E0226F98D}.Debug|Any CPU.ActiveCfg = Debug|Any CPU
		{3172FA1A-C222-45BC-923B-DD6E0226F98D}.Debug|Any CPU.Build.0 = Debug|Any CPU
		{3172FA1A-C222-45BC-923B-DD6E0226F98D}.Debug|x64.ActiveCfg = Debug|Any CPU
		{3172FA1A-C222-45BC-923B-DD6E0226F98D}.Debug|x64.Build.0 = Debug|Any CPU
		{3172FA1A-C222-45BC-923B-DD6E0226F98D}.Debug|x86.ActiveCfg = Debug|Any CPU
		{3172FA1A-C222-45BC-923B-DD6E0226F98D}.Debug|x86.Build.0 = Debug|Any CPU
		{3172FA1A-C222-45BC-923B-DD6E0226F98D}.Release|Any CPU.ActiveCfg = Release|Any CPU
		{3172FA1A-C222-45BC-923B-DD6E0226F98D}.Release|Any CPU.Build.0 = Release|Any CPU
		{3172FA1A-C222-45BC-923B-DD6E0226F98D}.Release|x64.ActiveCfg = Release|Any CPU
		{3172FA1A-C222-45BC-923B-DD6E0226F98D}.Release|x64.Build.0 = Release|Any CPU
		{3172FA1A-C222-45BC-923B-DD6E0226F98D}.Release|x86.ActiveCfg = Release|Any CPU
		{3172FA1A-C222-45BC-923B-DD6E0226F98D}.Release|x86.Build.0 = Release|Any CPU
		{37E9B69F-F8E8-4FC9-B3DE-01D0A0BE4FE1}.Debug|Any CPU.ActiveCfg = Debug|Any CPU
		{37E9B69F-F8E8-4FC9-B3DE-01D0A0BE4FE1}.Debug|Any CPU.Build.0 = Debug|Any CPU
		{37E9B69F-F8E8-4FC9-B3DE-01D0A0BE4FE1}.Debug|x64.ActiveCfg = Debug|Any CPU
		{37E9B69F-F8E8-4FC9-B3DE-01D0A0BE4FE1}.Debug|x64.Build.0 = Debug|Any CPU
		{37E9B69F-F8E8-4FC9-B3DE-01D0A0BE4FE1}.Debug|x86.ActiveCfg = Debug|Any CPU
		{37E9B69F-F8E8-4FC9-B3DE-01D0A0BE4FE1}.Debug|x86.Build.0 = Debug|Any CPU
		{37E9B69F-F8E8-4FC9-B3DE-01D0A0BE4FE1}.Release|Any CPU.ActiveCfg = Release|Any CPU
		{37E9B69F-F8E8-4FC9-B3DE-01D0A0BE4FE1}.Release|Any CPU.Build.0 = Release|Any CPU
		{37E9B69F-F8E8-4FC9-B3DE-01D0A0BE4FE1}.Release|x64.ActiveCfg = Release|Any CPU
		{37E9B69F-F8E8-4FC9-B3DE-01D0A0BE4FE1}.Release|x64.Build.0 = Release|Any CPU
		{37E9B69F-F8E8-4FC9-B3DE-01D0A0BE4FE1}.Release|x86.ActiveCfg = Release|Any CPU
		{37E9B69F-F8E8-4FC9-B3DE-01D0A0BE4FE1}.Release|x86.Build.0 = Release|Any CPU
		{F4E7E4D3-896D-4F5C-8061-61B1163C452A}.Debug|Any CPU.ActiveCfg = Debug|Any CPU
		{F4E7E4D3-896D-4F5C-8061-61B1163C452A}.Debug|Any CPU.Build.0 = Debug|Any CPU
		{F4E7E4D3-896D-4F5C-8061-61B1163C452A}.Debug|x64.ActiveCfg = Debug|Any CPU
		{F4E7E4D3-896D-4F5C-8061-61B1163C452A}.Debug|x64.Build.0 = Debug|Any CPU
		{F4E7E4D3-896D-4F5C-8061-61B1163C452A}.Debug|x86.ActiveCfg = Debug|Any CPU
		{F4E7E4D3-896D-4F5C-8061-61B1163C452A}.Debug|x86.Build.0 = Debug|Any CPU
		{F4E7E4D3-896D-4F5C-8061-61B1163C452A}.Release|Any CPU.ActiveCfg = Release|Any CPU
		{F4E7E4D3-896D-4F5C-8061-61B1163C452A}.Release|Any CPU.Build.0 = Release|Any CPU
		{F4E7E4D3-896D-4F5C-8061-61B1163C452A}.Release|x64.ActiveCfg = Release|Any CPU
		{F4E7E4D3-896D-4F5C-8061-61B1163C452A}.Release|x64.Build.0 = Release|Any CPU
		{F4E7E4D3-896D-4F5C-8061-61B1163C452A}.Release|x86.ActiveCfg = Release|Any CPU
		{F4E7E4D3-896D-4F5C-8061-61B1163C452A}.Release|x86.Build.0 = Release|Any CPU
		{2F942470-AD19-4230-93A6-772C4F38986D}.Debug|Any CPU.ActiveCfg = Debug|Any CPU
		{2F942470-AD19-4230-93A6-772C4F38986D}.Debug|Any CPU.Build.0 = Debug|Any CPU
		{2F942470-AD19-4230-93A6-772C4F38986D}.Debug|x64.ActiveCfg = Debug|Any CPU
		{2F942470-AD19-4230-93A6-772C4F38986D}.Debug|x64.Build.0 = Debug|Any CPU
		{2F942470-AD19-4230-93A6-772C4F38986D}.Debug|x86.ActiveCfg = Debug|Any CPU
		{2F942470-AD19-4230-93A6-772C4F38986D}.Debug|x86.Build.0 = Debug|Any CPU
		{2F942470-AD19-4230-93A6-772C4F38986D}.Release|Any CPU.ActiveCfg = Release|Any CPU
		{2F942470-AD19-4230-93A6-772C4F38986D}.Release|Any CPU.Build.0 = Release|Any CPU
		{2F942470-AD19-4230-93A6-772C4F38986D}.Release|x64.ActiveCfg = Release|Any CPU
		{2F942470-AD19-4230-93A6-772C4F38986D}.Release|x64.Build.0 = Release|Any CPU
		{2F942470-AD19-4230-93A6-772C4F38986D}.Release|x86.ActiveCfg = Release|Any CPU
		{2F942470-AD19-4230-93A6-772C4F38986D}.Release|x86.Build.0 = Release|Any CPU
		{916012B5-9639-4BBB-8DEE-19A5F6FE6857}.Debug|Any CPU.ActiveCfg = Debug|Any CPU
		{916012B5-9639-4BBB-8DEE-19A5F6FE6857}.Debug|Any CPU.Build.0 = Debug|Any CPU
		{916012B5-9639-4BBB-8DEE-19A5F6FE6857}.Debug|x64.ActiveCfg = Debug|Any CPU
		{916012B5-9639-4BBB-8DEE-19A5F6FE6857}.Debug|x64.Build.0 = Debug|Any CPU
		{916012B5-9639-4BBB-8DEE-19A5F6FE6857}.Debug|x86.ActiveCfg = Debug|Any CPU
		{916012B5-9639-4BBB-8DEE-19A5F6FE6857}.Debug|x86.Build.0 = Debug|Any CPU
		{916012B5-9639-4BBB-8DEE-19A5F6FE6857}.Release|Any CPU.ActiveCfg = Release|Any CPU
		{916012B5-9639-4BBB-8DEE-19A5F6FE6857}.Release|Any CPU.Build.0 = Release|Any CPU
		{916012B5-9639-4BBB-8DEE-19A5F6FE6857}.Release|x64.ActiveCfg = Release|Any CPU
		{916012B5-9639-4BBB-8DEE-19A5F6FE6857}.Release|x64.Build.0 = Release|Any CPU
		{916012B5-9639-4BBB-8DEE-19A5F6FE6857}.Release|x86.ActiveCfg = Release|Any CPU
		{916012B5-9639-4BBB-8DEE-19A5F6FE6857}.Release|x86.Build.0 = Release|Any CPU
		{46E0088C-08B7-40A8-AA90-1F7CA3BE9137}.Debug|Any CPU.ActiveCfg = Debug|Any CPU
		{46E0088C-08B7-40A8-AA90-1F7CA3BE9137}.Debug|Any CPU.Build.0 = Debug|Any CPU
		{46E0088C-08B7-40A8-AA90-1F7CA3BE9137}.Debug|x64.ActiveCfg = Debug|Any CPU
		{46E0088C-08B7-40A8-AA90-1F7CA3BE9137}.Debug|x64.Build.0 = Debug|Any CPU
		{46E0088C-08B7-40A8-AA90-1F7CA3BE9137}.Debug|x86.ActiveCfg = Debug|Any CPU
		{46E0088C-08B7-40A8-AA90-1F7CA3BE9137}.Debug|x86.Build.0 = Debug|Any CPU
		{46E0088C-08B7-40A8-AA90-1F7CA3BE9137}.Release|Any CPU.ActiveCfg = Release|Any CPU
		{46E0088C-08B7-40A8-AA90-1F7CA3BE9137}.Release|Any CPU.Build.0 = Release|Any CPU
		{46E0088C-08B7-40A8-AA90-1F7CA3BE9137}.Release|x64.ActiveCfg = Release|Any CPU
		{46E0088C-08B7-40A8-AA90-1F7CA3BE9137}.Release|x64.Build.0 = Release|Any CPU
		{46E0088C-08B7-40A8-AA90-1F7CA3BE9137}.Release|x86.ActiveCfg = Release|Any CPU
		{46E0088C-08B7-40A8-AA90-1F7CA3BE9137}.Release|x86.Build.0 = Release|Any CPU
		{61510520-D1AB-4D98-ABBD-36CF5D7E9FA3}.Debug|Any CPU.ActiveCfg = Debug|Any CPU
		{61510520-D1AB-4D98-ABBD-36CF5D7E9FA3}.Debug|Any CPU.Build.0 = Debug|Any CPU
		{61510520-D1AB-4D98-ABBD-36CF5D7E9FA3}.Debug|x64.ActiveCfg = Debug|Any CPU
		{61510520-D1AB-4D98-ABBD-36CF5D7E9FA3}.Debug|x64.Build.0 = Debug|Any CPU
		{61510520-D1AB-4D98-ABBD-36CF5D7E9FA3}.Debug|x86.ActiveCfg = Debug|Any CPU
		{61510520-D1AB-4D98-ABBD-36CF5D7E9FA3}.Debug|x86.Build.0 = Debug|Any CPU
		{61510520-D1AB-4D98-ABBD-36CF5D7E9FA3}.Release|Any CPU.ActiveCfg = Release|Any CPU
		{61510520-D1AB-4D98-ABBD-36CF5D7E9FA3}.Release|Any CPU.Build.0 = Release|Any CPU
		{61510520-D1AB-4D98-ABBD-36CF5D7E9FA3}.Release|x64.ActiveCfg = Release|Any CPU
		{61510520-D1AB-4D98-ABBD-36CF5D7E9FA3}.Release|x64.Build.0 = Release|Any CPU
		{61510520-D1AB-4D98-ABBD-36CF5D7E9FA3}.Release|x86.ActiveCfg = Release|Any CPU
		{61510520-D1AB-4D98-ABBD-36CF5D7E9FA3}.Release|x86.Build.0 = Release|Any CPU
		{04536BBF-B15D-4107-A004-57F19A0870F9}.Debug|Any CPU.ActiveCfg = Debug|Any CPU
		{04536BBF-B15D-4107-A004-57F19A0870F9}.Debug|Any CPU.Build.0 = Debug|Any CPU
		{04536BBF-B15D-4107-A004-57F19A0870F9}.Debug|x64.ActiveCfg = Debug|Any CPU
		{04536BBF-B15D-4107-A004-57F19A0870F9}.Debug|x64.Build.0 = Debug|Any CPU
		{04536BBF-B15D-4107-A004-57F19A0870F9}.Debug|x86.ActiveCfg = Debug|Any CPU
		{04536BBF-B15D-4107-A004-57F19A0870F9}.Debug|x86.Build.0 = Debug|Any CPU
		{04536BBF-B15D-4107-A004-57F19A0870F9}.Release|Any CPU.ActiveCfg = Release|Any CPU
		{04536BBF-B15D-4107-A004-57F19A0870F9}.Release|Any CPU.Build.0 = Release|Any CPU
		{04536BBF-B15D-4107-A004-57F19A0870F9}.Release|x64.ActiveCfg = Release|Any CPU
		{04536BBF-B15D-4107-A004-57F19A0870F9}.Release|x64.Build.0 = Release|Any CPU
		{04536BBF-B15D-4107-A004-57F19A0870F9}.Release|x86.ActiveCfg = Release|Any CPU
		{04536BBF-B15D-4107-A004-57F19A0870F9}.Release|x86.Build.0 = Release|Any CPU
		{6B252FA8-7AE7-487B-8FDE-ADEA22B9717C}.Debug|Any CPU.ActiveCfg = Debug|Any CPU
		{6B252FA8-7AE7-487B-8FDE-ADEA22B9717C}.Debug|Any CPU.Build.0 = Debug|Any CPU
		{6B252FA8-7AE7-487B-8FDE-ADEA22B9717C}.Debug|x64.ActiveCfg = Debug|Any CPU
		{6B252FA8-7AE7-487B-8FDE-ADEA22B9717C}.Debug|x64.Build.0 = Debug|Any CPU
		{6B252FA8-7AE7-487B-8FDE-ADEA22B9717C}.Debug|x86.ActiveCfg = Debug|Any CPU
		{6B252FA8-7AE7-487B-8FDE-ADEA22B9717C}.Debug|x86.Build.0 = Debug|Any CPU
		{6B252FA8-7AE7-487B-8FDE-ADEA22B9717C}.Release|Any CPU.ActiveCfg = Release|Any CPU
		{6B252FA8-7AE7-487B-8FDE-ADEA22B9717C}.Release|Any CPU.Build.0 = Release|Any CPU
		{6B252FA8-7AE7-487B-8FDE-ADEA22B9717C}.Release|x64.ActiveCfg = Release|Any CPU
		{6B252FA8-7AE7-487B-8FDE-ADEA22B9717C}.Release|x64.Build.0 = Release|Any CPU
		{6B252FA8-7AE7-487B-8FDE-ADEA22B9717C}.Release|x86.ActiveCfg = Release|Any CPU
		{6B252FA8-7AE7-487B-8FDE-ADEA22B9717C}.Release|x86.Build.0 = Release|Any CPU
		{468FB00C-6709-4799-A717-CB4FC1221A48}.Debug|Any CPU.ActiveCfg = Debug|Any CPU
		{468FB00C-6709-4799-A717-CB4FC1221A48}.Debug|Any CPU.Build.0 = Debug|Any CPU
		{468FB00C-6709-4799-A717-CB4FC1221A48}.Debug|x64.ActiveCfg = Debug|Any CPU
		{468FB00C-6709-4799-A717-CB4FC1221A48}.Debug|x64.Build.0 = Debug|Any CPU
		{468FB00C-6709-4799-A717-CB4FC1221A48}.Debug|x86.ActiveCfg = Debug|Any CPU
		{468FB00C-6709-4799-A717-CB4FC1221A48}.Debug|x86.Build.0 = Debug|Any CPU
		{468FB00C-6709-4799-A717-CB4FC1221A48}.Release|Any CPU.ActiveCfg = Release|Any CPU
		{468FB00C-6709-4799-A717-CB4FC1221A48}.Release|Any CPU.Build.0 = Release|Any CPU
		{468FB00C-6709-4799-A717-CB4FC1221A48}.Release|x64.ActiveCfg = Release|Any CPU
		{468FB00C-6709-4799-A717-CB4FC1221A48}.Release|x64.Build.0 = Release|Any CPU
		{468FB00C-6709-4799-A717-CB4FC1221A48}.Release|x86.ActiveCfg = Release|Any CPU
		{468FB00C-6709-4799-A717-CB4FC1221A48}.Release|x86.Build.0 = Release|Any CPU
		{3C19267B-A929-4D87-A732-1E251863B7EF}.Debug|Any CPU.ActiveCfg = Debug|Any CPU
		{3C19267B-A929-4D87-A732-1E251863B7EF}.Debug|Any CPU.Build.0 = Debug|Any CPU
		{3C19267B-A929-4D87-A732-1E251863B7EF}.Debug|x64.ActiveCfg = Debug|Any CPU
		{3C19267B-A929-4D87-A732-1E251863B7EF}.Debug|x64.Build.0 = Debug|Any CPU
		{3C19267B-A929-4D87-A732-1E251863B7EF}.Debug|x86.ActiveCfg = Debug|Any CPU
		{3C19267B-A929-4D87-A732-1E251863B7EF}.Debug|x86.Build.0 = Debug|Any CPU
		{3C19267B-A929-4D87-A732-1E251863B7EF}.Release|Any CPU.ActiveCfg = Release|Any CPU
		{3C19267B-A929-4D87-A732-1E251863B7EF}.Release|Any CPU.Build.0 = Release|Any CPU
		{3C19267B-A929-4D87-A732-1E251863B7EF}.Release|x64.ActiveCfg = Release|Any CPU
		{3C19267B-A929-4D87-A732-1E251863B7EF}.Release|x64.Build.0 = Release|Any CPU
		{3C19267B-A929-4D87-A732-1E251863B7EF}.Release|x86.ActiveCfg = Release|Any CPU
		{3C19267B-A929-4D87-A732-1E251863B7EF}.Release|x86.Build.0 = Release|Any CPU
		{0CCDA4A7-A42F-4E42-854C-BFA346D28EDA}.Debug|Any CPU.ActiveCfg = Debug|Any CPU
		{0CCDA4A7-A42F-4E42-854C-BFA346D28EDA}.Debug|Any CPU.Build.0 = Debug|Any CPU
		{0CCDA4A7-A42F-4E42-854C-BFA346D28EDA}.Debug|x64.ActiveCfg = Debug|Any CPU
		{0CCDA4A7-A42F-4E42-854C-BFA346D28EDA}.Debug|x64.Build.0 = Debug|Any CPU
		{0CCDA4A7-A42F-4E42-854C-BFA346D28EDA}.Debug|x86.ActiveCfg = Debug|Any CPU
		{0CCDA4A7-A42F-4E42-854C-BFA346D28EDA}.Debug|x86.Build.0 = Debug|Any CPU
		{0CCDA4A7-A42F-4E42-854C-BFA346D28EDA}.Release|Any CPU.ActiveCfg = Release|Any CPU
		{0CCDA4A7-A42F-4E42-854C-BFA346D28EDA}.Release|Any CPU.Build.0 = Release|Any CPU
		{0CCDA4A7-A42F-4E42-854C-BFA346D28EDA}.Release|x64.ActiveCfg = Release|Any CPU
		{0CCDA4A7-A42F-4E42-854C-BFA346D28EDA}.Release|x64.Build.0 = Release|Any CPU
		{0CCDA4A7-A42F-4E42-854C-BFA346D28EDA}.Release|x86.ActiveCfg = Release|Any CPU
		{0CCDA4A7-A42F-4E42-854C-BFA346D28EDA}.Release|x86.Build.0 = Release|Any CPU
		{EBD21437-263E-42F8-BA22-4A13AD7A0924}.Debug|Any CPU.ActiveCfg = Debug|Any CPU
		{EBD21437-263E-42F8-BA22-4A13AD7A0924}.Debug|Any CPU.Build.0 = Debug|Any CPU
		{EBD21437-263E-42F8-BA22-4A13AD7A0924}.Debug|x64.ActiveCfg = Debug|Any CPU
		{EBD21437-263E-42F8-BA22-4A13AD7A0924}.Debug|x64.Build.0 = Debug|Any CPU
		{EBD21437-263E-42F8-BA22-4A13AD7A0924}.Debug|x86.ActiveCfg = Debug|Any CPU
		{EBD21437-263E-42F8-BA22-4A13AD7A0924}.Debug|x86.Build.0 = Debug|Any CPU
		{EBD21437-263E-42F8-BA22-4A13AD7A0924}.Release|Any CPU.ActiveCfg = Release|Any CPU
		{EBD21437-263E-42F8-BA22-4A13AD7A0924}.Release|Any CPU.Build.0 = Release|Any CPU
		{EBD21437-263E-42F8-BA22-4A13AD7A0924}.Release|x64.ActiveCfg = Release|Any CPU
		{EBD21437-263E-42F8-BA22-4A13AD7A0924}.Release|x64.Build.0 = Release|Any CPU
		{EBD21437-263E-42F8-BA22-4A13AD7A0924}.Release|x86.ActiveCfg = Release|Any CPU
		{EBD21437-263E-42F8-BA22-4A13AD7A0924}.Release|x86.Build.0 = Release|Any CPU
		{DDD4F48B-AA25-438D-98B6-BC00580F3D6C}.Debug|Any CPU.ActiveCfg = Debug|Any CPU
		{DDD4F48B-AA25-438D-98B6-BC00580F3D6C}.Debug|Any CPU.Build.0 = Debug|Any CPU
		{DDD4F48B-AA25-438D-98B6-BC00580F3D6C}.Debug|x64.ActiveCfg = Debug|Any CPU
		{DDD4F48B-AA25-438D-98B6-BC00580F3D6C}.Debug|x64.Build.0 = Debug|Any CPU
		{DDD4F48B-AA25-438D-98B6-BC00580F3D6C}.Debug|x86.ActiveCfg = Debug|Any CPU
		{DDD4F48B-AA25-438D-98B6-BC00580F3D6C}.Debug|x86.Build.0 = Debug|Any CPU
		{DDD4F48B-AA25-438D-98B6-BC00580F3D6C}.Release|Any CPU.ActiveCfg = Release|Any CPU
		{DDD4F48B-AA25-438D-98B6-BC00580F3D6C}.Release|Any CPU.Build.0 = Release|Any CPU
		{DDD4F48B-AA25-438D-98B6-BC00580F3D6C}.Release|x64.ActiveCfg = Release|Any CPU
		{DDD4F48B-AA25-438D-98B6-BC00580F3D6C}.Release|x64.Build.0 = Release|Any CPU
		{DDD4F48B-AA25-438D-98B6-BC00580F3D6C}.Release|x86.ActiveCfg = Release|Any CPU
		{DDD4F48B-AA25-438D-98B6-BC00580F3D6C}.Release|x86.Build.0 = Release|Any CPU
		{88CCB542-9F28-4587-919F-69DACAC46B03}.Debug|Any CPU.ActiveCfg = Debug|Any CPU
		{88CCB542-9F28-4587-919F-69DACAC46B03}.Debug|Any CPU.Build.0 = Debug|Any CPU
		{88CCB542-9F28-4587-919F-69DACAC46B03}.Debug|x64.ActiveCfg = Debug|Any CPU
		{88CCB542-9F28-4587-919F-69DACAC46B03}.Debug|x64.Build.0 = Debug|Any CPU
		{88CCB542-9F28-4587-919F-69DACAC46B03}.Debug|x86.ActiveCfg = Debug|Any CPU
		{88CCB542-9F28-4587-919F-69DACAC46B03}.Debug|x86.Build.0 = Debug|Any CPU
		{88CCB542-9F28-4587-919F-69DACAC46B03}.Release|Any CPU.ActiveCfg = Release|Any CPU
		{88CCB542-9F28-4587-919F-69DACAC46B03}.Release|Any CPU.Build.0 = Release|Any CPU
		{88CCB542-9F28-4587-919F-69DACAC46B03}.Release|x64.ActiveCfg = Release|Any CPU
		{88CCB542-9F28-4587-919F-69DACAC46B03}.Release|x64.Build.0 = Release|Any CPU
		{88CCB542-9F28-4587-919F-69DACAC46B03}.Release|x86.ActiveCfg = Release|Any CPU
		{88CCB542-9F28-4587-919F-69DACAC46B03}.Release|x86.Build.0 = Release|Any CPU
		{D07D0991-5BEE-4476-856A-53A973036C34}.Debug|Any CPU.ActiveCfg = Debug|Any CPU
		{D07D0991-5BEE-4476-856A-53A973036C34}.Debug|Any CPU.Build.0 = Debug|Any CPU
		{D07D0991-5BEE-4476-856A-53A973036C34}.Debug|x64.ActiveCfg = Debug|Any CPU
		{D07D0991-5BEE-4476-856A-53A973036C34}.Debug|x64.Build.0 = Debug|Any CPU
		{D07D0991-5BEE-4476-856A-53A973036C34}.Debug|x86.ActiveCfg = Debug|Any CPU
		{D07D0991-5BEE-4476-856A-53A973036C34}.Debug|x86.Build.0 = Debug|Any CPU
		{D07D0991-5BEE-4476-856A-53A973036C34}.Release|Any CPU.ActiveCfg = Release|Any CPU
		{D07D0991-5BEE-4476-856A-53A973036C34}.Release|Any CPU.Build.0 = Release|Any CPU
		{D07D0991-5BEE-4476-856A-53A973036C34}.Release|x64.ActiveCfg = Release|Any CPU
		{D07D0991-5BEE-4476-856A-53A973036C34}.Release|x64.Build.0 = Release|Any CPU
		{D07D0991-5BEE-4476-856A-53A973036C34}.Release|x86.ActiveCfg = Release|Any CPU
		{D07D0991-5BEE-4476-856A-53A973036C34}.Release|x86.Build.0 = Release|Any CPU
		{BD0A6474-3637-40D0-99AC-8867C0B990A2}.Debug|Any CPU.ActiveCfg = Debug|Any CPU
		{BD0A6474-3637-40D0-99AC-8867C0B990A2}.Debug|Any CPU.Build.0 = Debug|Any CPU
		{BD0A6474-3637-40D0-99AC-8867C0B990A2}.Debug|x64.ActiveCfg = Debug|Any CPU
		{BD0A6474-3637-40D0-99AC-8867C0B990A2}.Debug|x64.Build.0 = Debug|Any CPU
		{BD0A6474-3637-40D0-99AC-8867C0B990A2}.Debug|x86.ActiveCfg = Debug|Any CPU
		{BD0A6474-3637-40D0-99AC-8867C0B990A2}.Debug|x86.Build.0 = Debug|Any CPU
		{BD0A6474-3637-40D0-99AC-8867C0B990A2}.Release|Any CPU.ActiveCfg = Release|Any CPU
		{BD0A6474-3637-40D0-99AC-8867C0B990A2}.Release|Any CPU.Build.0 = Release|Any CPU
		{BD0A6474-3637-40D0-99AC-8867C0B990A2}.Release|x64.ActiveCfg = Release|Any CPU
		{BD0A6474-3637-40D0-99AC-8867C0B990A2}.Release|x64.Build.0 = Release|Any CPU
		{BD0A6474-3637-40D0-99AC-8867C0B990A2}.Release|x86.ActiveCfg = Release|Any CPU
		{BD0A6474-3637-40D0-99AC-8867C0B990A2}.Release|x86.Build.0 = Release|Any CPU
		{63897559-D26B-4C21-B6DD-07C02CF378F1}.Debug|Any CPU.ActiveCfg = Debug|Any CPU
		{63897559-D26B-4C21-B6DD-07C02CF378F1}.Debug|Any CPU.Build.0 = Debug|Any CPU
		{63897559-D26B-4C21-B6DD-07C02CF378F1}.Debug|x64.ActiveCfg = Debug|Any CPU
		{63897559-D26B-4C21-B6DD-07C02CF378F1}.Debug|x64.Build.0 = Debug|Any CPU
		{63897559-D26B-4C21-B6DD-07C02CF378F1}.Debug|x86.ActiveCfg = Debug|Any CPU
		{63897559-D26B-4C21-B6DD-07C02CF378F1}.Debug|x86.Build.0 = Debug|Any CPU
		{63897559-D26B-4C21-B6DD-07C02CF378F1}.Release|Any CPU.ActiveCfg = Release|Any CPU
		{63897559-D26B-4C21-B6DD-07C02CF378F1}.Release|Any CPU.Build.0 = Release|Any CPU
		{63897559-D26B-4C21-B6DD-07C02CF378F1}.Release|x64.ActiveCfg = Release|Any CPU
		{63897559-D26B-4C21-B6DD-07C02CF378F1}.Release|x64.Build.0 = Release|Any CPU
		{63897559-D26B-4C21-B6DD-07C02CF378F1}.Release|x86.ActiveCfg = Release|Any CPU
		{63897559-D26B-4C21-B6DD-07C02CF378F1}.Release|x86.Build.0 = Release|Any CPU
		{F37EB818-101C-4C11-9A0E-6464BBB16EB4}.Debug|Any CPU.ActiveCfg = Debug|Any CPU
		{F37EB818-101C-4C11-9A0E-6464BBB16EB4}.Debug|Any CPU.Build.0 = Debug|Any CPU
		{F37EB818-101C-4C11-9A0E-6464BBB16EB4}.Debug|x64.ActiveCfg = Debug|Any CPU
		{F37EB818-101C-4C11-9A0E-6464BBB16EB4}.Debug|x64.Build.0 = Debug|Any CPU
		{F37EB818-101C-4C11-9A0E-6464BBB16EB4}.Debug|x86.ActiveCfg = Debug|Any CPU
		{F37EB818-101C-4C11-9A0E-6464BBB16EB4}.Debug|x86.Build.0 = Debug|Any CPU
		{F37EB818-101C-4C11-9A0E-6464BBB16EB4}.Release|Any CPU.ActiveCfg = Release|Any CPU
		{F37EB818-101C-4C11-9A0E-6464BBB16EB4}.Release|Any CPU.Build.0 = Release|Any CPU
		{F37EB818-101C-4C11-9A0E-6464BBB16EB4}.Release|x64.ActiveCfg = Release|Any CPU
		{F37EB818-101C-4C11-9A0E-6464BBB16EB4}.Release|x64.Build.0 = Release|Any CPU
		{F37EB818-101C-4C11-9A0E-6464BBB16EB4}.Release|x86.ActiveCfg = Release|Any CPU
		{F37EB818-101C-4C11-9A0E-6464BBB16EB4}.Release|x86.Build.0 = Release|Any CPU
		{0C719833-3447-4A9F-8F1F-D55379E90B4C}.Debug|Any CPU.ActiveCfg = Debug|Any CPU
		{0C719833-3447-4A9F-8F1F-D55379E90B4C}.Debug|Any CPU.Build.0 = Debug|Any CPU
		{0C719833-3447-4A9F-8F1F-D55379E90B4C}.Debug|x64.ActiveCfg = Debug|Any CPU
		{0C719833-3447-4A9F-8F1F-D55379E90B4C}.Debug|x64.Build.0 = Debug|Any CPU
		{0C719833-3447-4A9F-8F1F-D55379E90B4C}.Debug|x86.ActiveCfg = Debug|Any CPU
		{0C719833-3447-4A9F-8F1F-D55379E90B4C}.Debug|x86.Build.0 = Debug|Any CPU
		{0C719833-3447-4A9F-8F1F-D55379E90B4C}.Release|Any CPU.ActiveCfg = Release|Any CPU
		{0C719833-3447-4A9F-8F1F-D55379E90B4C}.Release|Any CPU.Build.0 = Release|Any CPU
		{0C719833-3447-4A9F-8F1F-D55379E90B4C}.Release|x64.ActiveCfg = Release|Any CPU
		{0C719833-3447-4A9F-8F1F-D55379E90B4C}.Release|x64.Build.0 = Release|Any CPU
		{0C719833-3447-4A9F-8F1F-D55379E90B4C}.Release|x86.ActiveCfg = Release|Any CPU
		{0C719833-3447-4A9F-8F1F-D55379E90B4C}.Release|x86.Build.0 = Release|Any CPU
		{E8C7D8C9-DAF0-49B3-826F-081F907BA41C}.Debug|Any CPU.ActiveCfg = Debug|Any CPU
		{E8C7D8C9-DAF0-49B3-826F-081F907BA41C}.Debug|Any CPU.Build.0 = Debug|Any CPU
		{E8C7D8C9-DAF0-49B3-826F-081F907BA41C}.Debug|x64.ActiveCfg = Debug|Any CPU
		{E8C7D8C9-DAF0-49B3-826F-081F907BA41C}.Debug|x64.Build.0 = Debug|Any CPU
		{E8C7D8C9-DAF0-49B3-826F-081F907BA41C}.Debug|x86.ActiveCfg = Debug|Any CPU
		{E8C7D8C9-DAF0-49B3-826F-081F907BA41C}.Debug|x86.Build.0 = Debug|Any CPU
		{E8C7D8C9-DAF0-49B3-826F-081F907BA41C}.Release|Any CPU.ActiveCfg = Release|Any CPU
		{E8C7D8C9-DAF0-49B3-826F-081F907BA41C}.Release|Any CPU.Build.0 = Release|Any CPU
		{E8C7D8C9-DAF0-49B3-826F-081F907BA41C}.Release|x64.ActiveCfg = Release|Any CPU
		{E8C7D8C9-DAF0-49B3-826F-081F907BA41C}.Release|x64.Build.0 = Release|Any CPU
		{E8C7D8C9-DAF0-49B3-826F-081F907BA41C}.Release|x86.ActiveCfg = Release|Any CPU
		{E8C7D8C9-DAF0-49B3-826F-081F907BA41C}.Release|x86.Build.0 = Release|Any CPU
		{32A3B06D-F373-4BDF-AA92-AEE3192E7F09}.Debug|Any CPU.ActiveCfg = Debug|Any CPU
		{32A3B06D-F373-4BDF-AA92-AEE3192E7F09}.Debug|Any CPU.Build.0 = Debug|Any CPU
		{32A3B06D-F373-4BDF-AA92-AEE3192E7F09}.Debug|x64.ActiveCfg = Debug|Any CPU
		{32A3B06D-F373-4BDF-AA92-AEE3192E7F09}.Debug|x64.Build.0 = Debug|Any CPU
		{32A3B06D-F373-4BDF-AA92-AEE3192E7F09}.Debug|x86.ActiveCfg = Debug|Any CPU
		{32A3B06D-F373-4BDF-AA92-AEE3192E7F09}.Debug|x86.Build.0 = Debug|Any CPU
		{32A3B06D-F373-4BDF-AA92-AEE3192E7F09}.Release|Any CPU.ActiveCfg = Release|Any CPU
		{32A3B06D-F373-4BDF-AA92-AEE3192E7F09}.Release|Any CPU.Build.0 = Release|Any CPU
		{32A3B06D-F373-4BDF-AA92-AEE3192E7F09}.Release|x64.ActiveCfg = Release|Any CPU
		{32A3B06D-F373-4BDF-AA92-AEE3192E7F09}.Release|x64.Build.0 = Release|Any CPU
		{32A3B06D-F373-4BDF-AA92-AEE3192E7F09}.Release|x86.ActiveCfg = Release|Any CPU
		{32A3B06D-F373-4BDF-AA92-AEE3192E7F09}.Release|x86.Build.0 = Release|Any CPU
		{60AFEA17-74C6-485C-9B4A-5A71260DB362}.Debug|Any CPU.ActiveCfg = Debug|Any CPU
		{60AFEA17-74C6-485C-9B4A-5A71260DB362}.Debug|Any CPU.Build.0 = Debug|Any CPU
		{60AFEA17-74C6-485C-9B4A-5A71260DB362}.Debug|x64.ActiveCfg = Debug|Any CPU
		{60AFEA17-74C6-485C-9B4A-5A71260DB362}.Debug|x64.Build.0 = Debug|Any CPU
		{60AFEA17-74C6-485C-9B4A-5A71260DB362}.Debug|x86.ActiveCfg = Debug|Any CPU
		{60AFEA17-74C6-485C-9B4A-5A71260DB362}.Debug|x86.Build.0 = Debug|Any CPU
		{60AFEA17-74C6-485C-9B4A-5A71260DB362}.Release|Any CPU.ActiveCfg = Release|Any CPU
		{60AFEA17-74C6-485C-9B4A-5A71260DB362}.Release|Any CPU.Build.0 = Release|Any CPU
		{60AFEA17-74C6-485C-9B4A-5A71260DB362}.Release|x64.ActiveCfg = Release|Any CPU
		{60AFEA17-74C6-485C-9B4A-5A71260DB362}.Release|x64.Build.0 = Release|Any CPU
		{60AFEA17-74C6-485C-9B4A-5A71260DB362}.Release|x86.ActiveCfg = Release|Any CPU
		{60AFEA17-74C6-485C-9B4A-5A71260DB362}.Release|x86.Build.0 = Release|Any CPU
		{33E53DFE-32A3-4685-8DDF-AF5716A53AAC}.Debug|Any CPU.ActiveCfg = Debug|Any CPU
		{33E53DFE-32A3-4685-8DDF-AF5716A53AAC}.Debug|Any CPU.Build.0 = Debug|Any CPU
		{33E53DFE-32A3-4685-8DDF-AF5716A53AAC}.Debug|x64.ActiveCfg = Debug|Any CPU
		{33E53DFE-32A3-4685-8DDF-AF5716A53AAC}.Debug|x64.Build.0 = Debug|Any CPU
		{33E53DFE-32A3-4685-8DDF-AF5716A53AAC}.Debug|x86.ActiveCfg = Debug|Any CPU
		{33E53DFE-32A3-4685-8DDF-AF5716A53AAC}.Debug|x86.Build.0 = Debug|Any CPU
		{33E53DFE-32A3-4685-8DDF-AF5716A53AAC}.Release|Any CPU.ActiveCfg = Release|Any CPU
		{33E53DFE-32A3-4685-8DDF-AF5716A53AAC}.Release|Any CPU.Build.0 = Release|Any CPU
		{33E53DFE-32A3-4685-8DDF-AF5716A53AAC}.Release|x64.ActiveCfg = Release|Any CPU
		{33E53DFE-32A3-4685-8DDF-AF5716A53AAC}.Release|x64.Build.0 = Release|Any CPU
		{33E53DFE-32A3-4685-8DDF-AF5716A53AAC}.Release|x86.ActiveCfg = Release|Any CPU
		{33E53DFE-32A3-4685-8DDF-AF5716A53AAC}.Release|x86.Build.0 = Release|Any CPU
		{67F00396-11C9-4017-A84D-9681D2AE0D83}.Debug|Any CPU.ActiveCfg = Debug|Any CPU
		{67F00396-11C9-4017-A84D-9681D2AE0D83}.Debug|Any CPU.Build.0 = Debug|Any CPU
		{67F00396-11C9-4017-A84D-9681D2AE0D83}.Debug|x64.ActiveCfg = Debug|Any CPU
		{67F00396-11C9-4017-A84D-9681D2AE0D83}.Debug|x64.Build.0 = Debug|Any CPU
		{67F00396-11C9-4017-A84D-9681D2AE0D83}.Debug|x86.ActiveCfg = Debug|Any CPU
		{67F00396-11C9-4017-A84D-9681D2AE0D83}.Debug|x86.Build.0 = Debug|Any CPU
		{67F00396-11C9-4017-A84D-9681D2AE0D83}.Release|Any CPU.ActiveCfg = Release|Any CPU
		{67F00396-11C9-4017-A84D-9681D2AE0D83}.Release|Any CPU.Build.0 = Release|Any CPU
		{67F00396-11C9-4017-A84D-9681D2AE0D83}.Release|x64.ActiveCfg = Release|Any CPU
		{67F00396-11C9-4017-A84D-9681D2AE0D83}.Release|x64.Build.0 = Release|Any CPU
		{67F00396-11C9-4017-A84D-9681D2AE0D83}.Release|x86.ActiveCfg = Release|Any CPU
		{67F00396-11C9-4017-A84D-9681D2AE0D83}.Release|x86.Build.0 = Release|Any CPU
		{B95C4A7A-BCA5-4E1B-B718-9DF361CDC0F7}.Debug|Any CPU.ActiveCfg = Debug|Any CPU
		{B95C4A7A-BCA5-4E1B-B718-9DF361CDC0F7}.Debug|Any CPU.Build.0 = Debug|Any CPU
		{B95C4A7A-BCA5-4E1B-B718-9DF361CDC0F7}.Debug|x64.ActiveCfg = Debug|Any CPU
		{B95C4A7A-BCA5-4E1B-B718-9DF361CDC0F7}.Debug|x64.Build.0 = Debug|Any CPU
		{B95C4A7A-BCA5-4E1B-B718-9DF361CDC0F7}.Debug|x86.ActiveCfg = Debug|Any CPU
		{B95C4A7A-BCA5-4E1B-B718-9DF361CDC0F7}.Debug|x86.Build.0 = Debug|Any CPU
		{B95C4A7A-BCA5-4E1B-B718-9DF361CDC0F7}.Release|Any CPU.ActiveCfg = Release|Any CPU
		{B95C4A7A-BCA5-4E1B-B718-9DF361CDC0F7}.Release|Any CPU.Build.0 = Release|Any CPU
		{B95C4A7A-BCA5-4E1B-B718-9DF361CDC0F7}.Release|x64.ActiveCfg = Release|Any CPU
		{B95C4A7A-BCA5-4E1B-B718-9DF361CDC0F7}.Release|x64.Build.0 = Release|Any CPU
		{B95C4A7A-BCA5-4E1B-B718-9DF361CDC0F7}.Release|x86.ActiveCfg = Release|Any CPU
		{B95C4A7A-BCA5-4E1B-B718-9DF361CDC0F7}.Release|x86.Build.0 = Release|Any CPU
		{52C8C24B-A22F-478A-A37D-04CC3895A760}.Debug|Any CPU.ActiveCfg = Debug|Any CPU
		{52C8C24B-A22F-478A-A37D-04CC3895A760}.Debug|Any CPU.Build.0 = Debug|Any CPU
		{52C8C24B-A22F-478A-A37D-04CC3895A760}.Debug|x64.ActiveCfg = Debug|Any CPU
		{52C8C24B-A22F-478A-A37D-04CC3895A760}.Debug|x64.Build.0 = Debug|Any CPU
		{52C8C24B-A22F-478A-A37D-04CC3895A760}.Debug|x86.ActiveCfg = Debug|Any CPU
		{52C8C24B-A22F-478A-A37D-04CC3895A760}.Debug|x86.Build.0 = Debug|Any CPU
		{52C8C24B-A22F-478A-A37D-04CC3895A760}.Release|Any CPU.ActiveCfg = Release|Any CPU
		{52C8C24B-A22F-478A-A37D-04CC3895A760}.Release|Any CPU.Build.0 = Release|Any CPU
		{52C8C24B-A22F-478A-A37D-04CC3895A760}.Release|x64.ActiveCfg = Release|Any CPU
		{52C8C24B-A22F-478A-A37D-04CC3895A760}.Release|x64.Build.0 = Release|Any CPU
		{52C8C24B-A22F-478A-A37D-04CC3895A760}.Release|x86.ActiveCfg = Release|Any CPU
		{52C8C24B-A22F-478A-A37D-04CC3895A760}.Release|x86.Build.0 = Release|Any CPU
		{74A9A73C-5035-48F8-8073-8849B24DF811}.Debug|Any CPU.ActiveCfg = Debug|Any CPU
		{74A9A73C-5035-48F8-8073-8849B24DF811}.Debug|Any CPU.Build.0 = Debug|Any CPU
		{74A9A73C-5035-48F8-8073-8849B24DF811}.Debug|x64.ActiveCfg = Debug|Any CPU
		{74A9A73C-5035-48F8-8073-8849B24DF811}.Debug|x64.Build.0 = Debug|Any CPU
		{74A9A73C-5035-48F8-8073-8849B24DF811}.Debug|x86.ActiveCfg = Debug|Any CPU
		{74A9A73C-5035-48F8-8073-8849B24DF811}.Debug|x86.Build.0 = Debug|Any CPU
		{74A9A73C-5035-48F8-8073-8849B24DF811}.Release|Any CPU.ActiveCfg = Release|Any CPU
		{74A9A73C-5035-48F8-8073-8849B24DF811}.Release|Any CPU.Build.0 = Release|Any CPU
		{74A9A73C-5035-48F8-8073-8849B24DF811}.Release|x64.ActiveCfg = Release|Any CPU
		{74A9A73C-5035-48F8-8073-8849B24DF811}.Release|x64.Build.0 = Release|Any CPU
		{74A9A73C-5035-48F8-8073-8849B24DF811}.Release|x86.ActiveCfg = Release|Any CPU
		{74A9A73C-5035-48F8-8073-8849B24DF811}.Release|x86.Build.0 = Release|Any CPU
	EndGlobalSection
	GlobalSection(SolutionProperties) = preSolution
		HideSolutionNode = FALSE
	EndGlobalSection
	GlobalSection(NestedProjects) = preSolution
		{6F9364A3-C6D6-EFE8-99D6-B7B31EF64FD0} = {B36A84DF-456D-A817-6EDD-3EC3E7F6E11F}
		{D895AC16-DE98-47F6-A2A1-B60E51331B6A} = {6F9364A3-C6D6-EFE8-99D6-B7B31EF64FD0}
		{0485896A-3616-A443-D9E1-5B8343974EA5} = {B36A84DF-456D-A817-6EDD-3EC3E7F6E11F}
		{F971595B-1775-483B-B95F-2BDCB06DD838} = {0485896A-3616-A443-D9E1-5B8343974EA5}
		{DEEFC28E-9933-38F0-CDF5-DD4D28CB94B3} = {B36A84DF-456D-A817-6EDD-3EC3E7F6E11F}
		{09D24DA6-AD95-4733-BC20-82557B5EDA1F} = {DEEFC28E-9933-38F0-CDF5-DD4D28CB94B3}
		{EFB637EC-FEF1-963F-B7D5-51E6E3E2B196} = {B36A84DF-456D-A817-6EDD-3EC3E7F6E11F}
		{3172FA1A-C222-45BC-923B-DD6E0226F98D} = {EFB637EC-FEF1-963F-B7D5-51E6E3E2B196}
		{2AF610B6-1D24-C241-51B7-02A227B83EC3} = {B36A84DF-456D-A817-6EDD-3EC3E7F6E11F}
		{37E9B69F-F8E8-4FC9-B3DE-01D0A0BE4FE1} = {2AF610B6-1D24-C241-51B7-02A227B83EC3}
		{F8994FDD-BF36-4061-E37A-F891F49711A4} = {B36A84DF-456D-A817-6EDD-3EC3E7F6E11F}
		{F4E7E4D3-896D-4F5C-8061-61B1163C452A} = {F8994FDD-BF36-4061-E37A-F891F49711A4}
		{C4BA275E-8F22-BA93-4134-F75D846A2A9A} = {B36A84DF-456D-A817-6EDD-3EC3E7F6E11F}
		{2F942470-AD19-4230-93A6-772C4F38986D} = {C4BA275E-8F22-BA93-4134-F75D846A2A9A}
		{384EA711-D10F-262B-1FC3-A512DED672F3} = {B36A84DF-456D-A817-6EDD-3EC3E7F6E11F}
		{916012B5-9639-4BBB-8DEE-19A5F6FE6857} = {384EA711-D10F-262B-1FC3-A512DED672F3}
		{46E0088C-08B7-40A8-AA90-1F7CA3BE9137} = {0AB3BF05-4346-4AA6-1389-037BE0695223}
		{61510520-D1AB-4D98-ABBD-36CF5D7E9FA3} = {827E0CD3-B72D-47B6-A68D-7590B98EB39B}
		{04536BBF-B15D-4107-A004-57F19A0870F9} = {0AB3BF05-4346-4AA6-1389-037BE0695223}
		{05294BD2-282B-B286-B50A-24B864EF01BA} = {B36A84DF-456D-A817-6EDD-3EC3E7F6E11F}
		{6B252FA8-7AE7-487B-8FDE-ADEA22B9717C} = {05294BD2-282B-B286-B50A-24B864EF01BA}
		{236E2B0B-7675-A90C-02D7-68A1019F1E9D} = {B36A84DF-456D-A817-6EDD-3EC3E7F6E11F}
		{468FB00C-6709-4799-A717-CB4FC1221A48} = {236E2B0B-7675-A90C-02D7-68A1019F1E9D}
		{5B63E630-D560-07A6-A8FD-BB1ACC890C57} = {B36A84DF-456D-A817-6EDD-3EC3E7F6E11F}
		{3C19267B-A929-4D87-A732-1E251863B7EF} = {5B63E630-D560-07A6-A8FD-BB1ACC890C57}
		{8A907AB3-6E56-6388-D1B5-D16379731DAC} = {B36A84DF-456D-A817-6EDD-3EC3E7F6E11F}
		{0CCDA4A7-A42F-4E42-854C-BFA346D28EDA} = {8A907AB3-6E56-6388-D1B5-D16379731DAC}
		{CF71E44B-9991-9952-13AB-55EDE30B759E} = {B36A84DF-456D-A817-6EDD-3EC3E7F6E11F}
		{EBD21437-263E-42F8-BA22-4A13AD7A0924} = {CF71E44B-9991-9952-13AB-55EDE30B759E}
		{D26E16C3-2C4E-99B9-5DC2-FD66D45AC046} = {B36A84DF-456D-A817-6EDD-3EC3E7F6E11F}
		{DDD4F48B-AA25-438D-98B6-BC00580F3D6C} = {D26E16C3-2C4E-99B9-5DC2-FD66D45AC046}
		{ADFC6760-51E5-64AF-5492-81F6669F8B1B} = {B36A84DF-456D-A817-6EDD-3EC3E7F6E11F}
		{88CCB542-9F28-4587-919F-69DACAC46B03} = {ADFC6760-51E5-64AF-5492-81F6669F8B1B}
		{05569EA0-0865-7E94-F118-A669A0EACFCA} = {B36A84DF-456D-A817-6EDD-3EC3E7F6E11F}
		{D07D0991-5BEE-4476-856A-53A973036C34} = {05569EA0-0865-7E94-F118-A669A0EACFCA}
		{F3F08343-A08E-2F22-0F3B-A364ED5B93E4} = {B36A84DF-456D-A817-6EDD-3EC3E7F6E11F}
		{BD0A6474-3637-40D0-99AC-8867C0B990A2} = {F3F08343-A08E-2F22-0F3B-A364ED5B93E4}
		{D9C6B91C-EA59-5AF0-FA91-AC335989DAAB} = {B36A84DF-456D-A817-6EDD-3EC3E7F6E11F}
		{63897559-D26B-4C21-B6DD-07C02CF378F1} = {D9C6B91C-EA59-5AF0-FA91-AC335989DAAB}
		{55F49049-054B-537E-9150-30C7F7556014} = {B36A84DF-456D-A817-6EDD-3EC3E7F6E11F}
		{F37EB818-101C-4C11-9A0E-6464BBB16EB4} = {55F49049-054B-537E-9150-30C7F7556014}
		{51B78DB4-1288-3BDB-F71F-5C8FCC235AA3} = {B36A84DF-456D-A817-6EDD-3EC3E7F6E11F}
		{0C719833-3447-4A9F-8F1F-D55379E90B4C} = {51B78DB4-1288-3BDB-F71F-5C8FCC235AA3}
		{867CB142-0099-A288-39CA-0C80E5D9F811} = {B36A84DF-456D-A817-6EDD-3EC3E7F6E11F}
		{E8C7D8C9-DAF0-49B3-826F-081F907BA41C} = {867CB142-0099-A288-39CA-0C80E5D9F811}
		{24A255F5-3BB4-F884-A3C7-89339469CF14} = {B36A84DF-456D-A817-6EDD-3EC3E7F6E11F}
		{32A3B06D-F373-4BDF-AA92-AEE3192E7F09} = {24A255F5-3BB4-F884-A3C7-89339469CF14}
		{D2B362EB-A48F-5189-AE78-7AAF2AE2561E} = {B36A84DF-456D-A817-6EDD-3EC3E7F6E11F}
		{60AFEA17-74C6-485C-9B4A-5A71260DB362} = {D2B362EB-A48F-5189-AE78-7AAF2AE2561E}
		{9B34242C-335D-9CE3-8F37-13FFC337B2A6} = {B36A84DF-456D-A817-6EDD-3EC3E7F6E11F}
		{33E53DFE-32A3-4685-8DDF-AF5716A53AAC} = {9B34242C-335D-9CE3-8F37-13FFC337B2A6}
		{49609AB2-AF09-34E7-E633-59B36707E040} = {B36A84DF-456D-A817-6EDD-3EC3E7F6E11F}
		{67F00396-11C9-4017-A84D-9681D2AE0D83} = {49609AB2-AF09-34E7-E633-59B36707E040}
		{FD797D35-79BA-0055-D6C4-92669589F43F} = {B36A84DF-456D-A817-6EDD-3EC3E7F6E11F}
		{B95C4A7A-BCA5-4E1B-B718-9DF361CDC0F7} = {FD797D35-79BA-0055-D6C4-92669589F43F}
		{A9D4D69F-BDD3-C72A-0010-F313CF131D6A} = {B36A84DF-456D-A817-6EDD-3EC3E7F6E11F}
		{52C8C24B-A22F-478A-A37D-04CC3895A760} = {A9D4D69F-BDD3-C72A-0010-F313CF131D6A}
		{9D8DB743-7E1C-20A5-CB17-4DFB8C53D645} = {B36A84DF-456D-A817-6EDD-3EC3E7F6E11F}
		{74A9A73C-5035-48F8-8073-8849B24DF811} = {9D8DB743-7E1C-20A5-CB17-4DFB8C53D645}
	EndGlobalSection
EndGlobal
